
Microsoft Visual Studio Solution File, Format Version 12.00
# Visual Studio Version 17
VisualStudioVersion = 17.6.33723.286
MinimumVisualStudioVersion = 10.0.40219.1
Project("{FAE04EC0-301F-11D3-BF4B-00C04F79EFBC}") = "chathelperbot", "chathelperbot\chathelperbot.csproj", "{26A63ABB-D580-4AC6-B99B-6106004B7764}"
EndProject
Global
	GlobalSection(SolutionConfigurationPlatforms) = preSolution
		Debug|Any CPU = Debug|Any CPU
		Release|Any CPU = Release|Any CPU
	EndGlobalSection
	GlobalSection(ProjectConfigurationPlatforms) = postSolution
		{26A63ABB-D580-4AC6-B99B-6106004B7764}.Debug|Any CPU.ActiveCfg = Debug|Any CPU
		{26A63ABB-D580-4AC6-B99B-6106004B7764}.Debug|Any CPU.Build.0 = Debug|Any CPU
		{26A63ABB-D580-4AC6-B99B-6106004B7764}.Release|Any CPU.ActiveCfg = Release|Any CPU
		{26A63ABB-D580-4AC6-B99B-6106004B7764}.Release|Any CPU.Build.0 = Release|Any CPU
	EndGlobalSection
	GlobalSection(SolutionProperties) = preSolution
		HideSolutionNode = FALSE
	EndGlobalSection
	GlobalSection(ExtensibilityGlobals) = postSolution
		SolutionGuid = {3E415204-8BA8-41B8-8A71-60CC9D4EC084}
	EndGlobalSection
EndGlobal
